
Microsoft Visual Studio Solution File, Format Version 12.00
# Visual Studio Version 17
VisualStudioVersion = 17.1.32421.90
MinimumVisualStudioVersion = 10.0.40219.1
Project("{FAE04EC0-301F-11D3-BF4B-00C04F79EFBC}") = "MyCollectionSite", "MyCollectionSite\MyCollectionSite.csproj", "{39DDB8AA-DA61-41B9-B283-4F45DD3E38CC}"
EndProject
Global
	GlobalSection(SolutionConfigurationPlatforms) = preSolution
		Debug|Any CPU = Debug|Any CPU
		Release|Any CPU = Release|Any CPU
	EndGlobalSection
	GlobalSection(ProjectConfigurationPlatforms) = postSolution
		{39DDB8AA-DA61-41B9-B283-4F45DD3E38CC}.Debug|Any CPU.ActiveCfg = Debug|Any CPU
		{39DDB8AA-DA61-41B9-B283-4F45DD3E38CC}.Debug|Any CPU.Build.0 = Debug|Any CPU
		{39DDB8AA-DA61-41B9-B283-4F45DD3E38CC}.Release|Any CPU.ActiveCfg = Release|Any CPU
		{39DDB8AA-DA61-41B9-B283-4F45DD3E38CC}.Release|Any CPU.Build.0 = Release|Any CPU
	EndGlobalSection
	GlobalSection(SolutionProperties) = preSolution
		HideSolutionNode = FALSE
	EndGlobalSection
	GlobalSection(ExtensibilityGlobals) = postSolution
		SolutionGuid = {F93044C2-7AB6-4523-B87F-B4E74AAB83DB}
	EndGlobalSection
EndGlobal
